
Microsoft Visual Studio Solution File, Format Version 12.00
# Visual Studio Version 17
VisualStudioVersion = 17.0.31903.59
MinimumVisualStudioVersion = 10.0.40219.1
Project("{9A19103F-16F7-4668-BE54-9A1E7A4F7556}") = "CI Platform web", "CI Platform web\CI Platform web.csproj", "{0D64B576-535A-429F-ACA1-9515BF24F12D}"
EndProject
Project("{9A19103F-16F7-4668-BE54-9A1E7A4F7556}") = "CI Platform.Entities", "CI Platform.Entities\CI Platform.Entities.csproj", "{8803A82D-C81B-418E-ADB7-581A7E3A5477}"
EndProject
Project("{9A19103F-16F7-4668-BE54-9A1E7A4F7556}") = "Ci Platform.Repositories", "Ci Platform.Repositories\Ci Platform.Repositories.csproj", "{83BFDAB9-ADB8-4149-A00F-7AF2347FBB84}"
EndProject
Global
	GlobalSection(SolutionConfigurationPlatforms) = preSolution
		Debug|Any CPU = Debug|Any CPU
		Release|Any CPU = Release|Any CPU
	EndGlobalSection
	GlobalSection(ProjectConfigurationPlatforms) = postSolution
		{0D64B576-535A-429F-ACA1-9515BF24F12D}.Debug|Any CPU.ActiveCfg = Debug|Any CPU
		{0D64B576-535A-429F-ACA1-9515BF24F12D}.Debug|Any CPU.Build.0 = Debug|Any CPU
		{0D64B576-535A-429F-ACA1-9515BF24F12D}.Release|Any CPU.ActiveCfg = Release|Any CPU
		{0D64B576-535A-429F-ACA1-9515BF24F12D}.Release|Any CPU.Build.0 = Release|Any CPU
		{8803A82D-C81B-418E-ADB7-581A7E3A5477}.Debug|Any CPU.ActiveCfg = Debug|Any CPU
		{8803A82D-C81B-418E-ADB7-581A7E3A5477}.Debug|Any CPU.Build.0 = Debug|Any CPU
		{8803A82D-C81B-418E-ADB7-581A7E3A5477}.Release|Any CPU.ActiveCfg = Release|Any CPU
		{8803A82D-C81B-418E-ADB7-581A7E3A5477}.Release|Any CPU.Build.0 = Release|Any CPU
		{83BFDAB9-ADB8-4149-A00F-7AF2347FBB84}.Debug|Any CPU.ActiveCfg = Debug|Any CPU
		{83BFDAB9-ADB8-4149-A00F-7AF2347FBB84}.Debug|Any CPU.Build.0 = Debug|Any CPU
		{83BFDAB9-ADB8-4149-A00F-7AF2347FBB84}.Release|Any CPU.ActiveCfg = Release|Any CPU
		{83BFDAB9-ADB8-4149-A00F-7AF2347FBB84}.Release|Any CPU.Build.0 = Release|Any CPU
	EndGlobalSection
	GlobalSection(SolutionProperties) = preSolution
		HideSolutionNode = FALSE
	EndGlobalSection
	GlobalSection(ExtensibilityGlobals) = postSolution
		SolutionGuid = {53BC7F32-EBDA-4AB2-90E2-E643491B617B}
	EndGlobalSection
EndGlobal
